
Microsoft Visual Studio Solution File, Format Version 12.00
# Visual Studio Version 17
VisualStudioVersion = 17.3.32922.545
MinimumVisualStudioVersion = 10.0.40219.1
Project("{8BC9CEB8-8B4A-11D0-8D11-00A0C91BC942}") = "Ucode", "Ucode\Ucode.vcxproj", "{81C7941A-4A2C-40FE-BB18-E790E79FB460}"
EndProject
Global
	GlobalSection(SolutionConfigurationPlatforms) = preSolution
		Debug|x64 = Debug|x64
		Debug|x86 = Debug|x86
		Release|x64 = Release|x64
		Release|x86 = Release|x86
	EndGlobalSection
	GlobalSection(ProjectConfigurationPlatforms) = postSolution
		{81C7941A-4A2C-40FE-BB18-E790E79FB460}.Debug|x64.ActiveCfg = Debug|x64
		{81C7941A-4A2C-40FE-BB18-E790E79FB460}.Debug|x64.Build.0 = Debug|x64
		{81C7941A-4A2C-40FE-BB18-E790E79FB460}.Debug|x86.ActiveCfg = Debug|Win32
		{81C7941A-4A2C-40FE-BB18-E790E79FB460}.Debug|x86.Build.0 = Debug|Win32
		{81C7941A-4A2C-40FE-BB18-E790E79FB460}.Release|x64.ActiveCfg = Release|x64
		{81C7941A-4A2C-40FE-BB18-E790E79FB460}.Release|x64.Build.0 = Release|x64
		{81C7941A-4A2C-40FE-BB18-E790E79FB460}.Release|x86.ActiveCfg = Release|Win32
		{81C7941A-4A2C-40FE-BB18-E790E79FB460}.Release|x86.Build.0 = Release|Win32
	EndGlobalSection
	GlobalSection(SolutionProperties) = preSolution
		HideSolutionNode = FALSE
	EndGlobalSection
	GlobalSection(ExtensibilityGlobals) = postSolution
		SolutionGuid = {782BC962-1ED1-4C94-A8F3-5F9DB1387B6E}
	EndGlobalSection
EndGlobal
